
Microsoft Visual Studio Solution File, Format Version 12.00
# Visual Studio Version 17
VisualStudioVersion = 17.3.32929.385
MinimumVisualStudioVersion = 10.0.40219.1
Project("{FAE04EC0-301F-11D3-BF4B-00C04F79EFBC}") = "Cat-Years-WPF", "Cat-Years-WPF\Cat-Years-WPF.csproj", "{F292A5FB-9547-447C-9AA3-3E333EAA0A28}"
EndProject
Global
	GlobalSection(SolutionConfigurationPlatforms) = preSolution
		Debug|Any CPU = Debug|Any CPU
		Release|Any CPU = Release|Any CPU
	EndGlobalSection
	GlobalSection(ProjectConfigurationPlatforms) = postSolution
		{F292A5FB-9547-447C-9AA3-3E333EAA0A28}.Debug|Any CPU.ActiveCfg = Debug|Any CPU
		{F292A5FB-9547-447C-9AA3-3E333EAA0A28}.Debug|Any CPU.Build.0 = Debug|Any CPU
		{F292A5FB-9547-447C-9AA3-3E333EAA0A28}.Release|Any CPU.ActiveCfg = Release|Any CPU
		{F292A5FB-9547-447C-9AA3-3E333EAA0A28}.Release|Any CPU.Build.0 = Release|Any CPU
	EndGlobalSection
	GlobalSection(SolutionProperties) = preSolution
		HideSolutionNode = FALSE
	EndGlobalSection
	GlobalSection(ExtensibilityGlobals) = postSolution
		SolutionGuid = {F9D88465-22A8-4764-A908-4CBFB87DB3DA}
	EndGlobalSection
EndGlobal
